
Microsoft Visual Studio Solution File, Format Version 12.00
# Visual Studio 2012
Project("{E24C65DC-7377-472B-9ABA-BC803B73C61A}") = "Online Exam Project", "..\Online Exam Project\", "{06025E09-E71F-4513-8BA2-81DF067AAF5A}"
	ProjectSection(WebsiteProperties) = preProject
		TargetFrameworkMoniker = ".NETFramework,Version%3Dv4.5"
		Debug.AspNetCompiler.VirtualPath = "/Online Exam Project"
		Debug.AspNetCompiler.PhysicalPath = "..\Online Exam Project\"
		Debug.AspNetCompiler.TargetPath = "PrecompiledWeb\Online Exam Project\"
		Debug.AspNetCompiler.Updateable = "true"
		Debug.AspNetCompiler.ForceOverwrite = "true"
		Debug.AspNetCompiler.FixedNames = "false"
		Debug.AspNetCompiler.Debug = "True"
		Release.AspNetCompiler.VirtualPath = "/Online Exam Project"
		Release.AspNetCompiler.PhysicalPath = "..\Online Exam Project\"
		Release.AspNetCompiler.TargetPath = "PrecompiledWeb\Online Exam Project\"
		Release.AspNetCompiler.Updateable = "true"
		Release.AspNetCompiler.ForceOverwrite = "true"
		Release.AspNetCompiler.FixedNames = "false"
		Release.AspNetCompiler.Debug = "False"
		VWDPort = "49385"
	EndProjectSection
EndProject
Global
	GlobalSection(SolutionConfigurationPlatforms) = preSolution
		Debug|Any CPU = Debug|Any CPU
	EndGlobalSection
	GlobalSection(ProjectConfigurationPlatforms) = postSolution
		{06025E09-E71F-4513-8BA2-81DF067AAF5A}.Debug|Any CPU.ActiveCfg = Debug|Any CPU
		{06025E09-E71F-4513-8BA2-81DF067AAF5A}.Debug|Any CPU.Build.0 = Debug|Any CPU
	EndGlobalSection
	GlobalSection(SolutionProperties) = preSolution
		HideSolutionNode = FALSE
	EndGlobalSection
EndGlobal
